<?xml version="1.0" encoding="utf-8"?>
<Project ToolsVersion="4.0" xmlns="http://schemas.microsoft.com/developer/msbuild/2003">
  <ItemGroup>
    <Filter Include="src">
      <UniqueIdentifier>{870ebaf1-10c4-4a48-80e0-508adb7489e2}</UniqueIdentifier>
    </Filter>
    <Filter Include="src\bitmap">
      <UniqueIdentifier>{14fb6e70-262f-4694-a721-9cf29d77b292}</UniqueIdentifier>
    </Filter>
    <Filter Include="src\graph">
      <UniqueIdentifier>{01e8605d-9de9-4c92-bec8-6c855a6e5b2c}</UniqueIdentifier>
    </Filter>
    <Filter Include="src\matrix">
      <UniqueIdentifier>{f881578f-cd62-4886-9dde-c244e4e26da8}</UniqueIdentifier>
    </Filter>
  </ItemGroup>
  <ItemGroup>
    <ClCompile Include="src\main.cpp">
      <Filter>src</Filter>
    </ClCompile>
    <ClCompile Include="src\bitmap\BMP.cpp">
      <Filter>src\bitmap</Filter>
    </ClCompile>
    <ClCompile Include="src\graph\graph.cpp">
      <Filter>src\graph</Filter>
    </ClCompile>
    <ClCompile Include="src\graph\maxflow.cpp">
      <Filter>src\graph</Filter>
    </ClCompile>
    <ClCompile Include="src\graph\GraphCutOptimizer.cpp">
      <Filter>src\graph</Filter>
    </ClCompile>
  </ItemGroup>
  <ItemGroup>
    <ClInclude Include="src\bitmap\BMP.h">
      <Filter>src\bitmap</Filter>
    </ClInclude>
    <ClInclude Include="src\graph\block.h">
      <Filter>src\graph</Filter>
    </ClInclude>
    <ClInclude Include="src\graph\graph.h">
      <Filter>src\graph</Filter>
    </ClInclude>
    <ClInclude Include="src\bitmap\BMPUtils.h">
      <Filter>src\bitmap</Filter>
    </ClInclude>
    <ClInclude Include="src\bitmap\RGBPixel.h">
      <Filter>src\bitmap</Filter>
    </ClInclude>
    <ClInclude Include="src\main.h">
      <Filter>src</Filter>
    </ClInclude>
    <ClInclude Include="src\graph\GraphCutOptimizer.h">
      <Filter>src\graph</Filter>
    </ClInclude>
    <ClInclude Include="src\matrix\Matrix.h">
      <Filter>src\matrix</Filter>
    </ClInclude>
  </ItemGroup>
</Project>