<?xml version="1.0" encoding="utf-8"?>
<Project ToolsVersion="4.0" xmlns="http://schemas.microsoft.com/developer/msbuild/2003">
  <ItemGroup>
    <Filter Include="src">
      <UniqueIdentifier>{870ebaf1-10c4-4a48-80e0-508adb7489e2}</UniqueIdentifier>
    </Filter>
    <Filter Include="src\graph">
      <UniqueIdentifier>{01e8605d-9de9-4c92-bec8-6c855a6e5b2c}</UniqueIdentifier>
    </Filter>
    <Filter Include="src\matrix">
      <UniqueIdentifier>{f881578f-cd62-4886-9dde-c244e4e26da8}</UniqueIdentifier>
    </Filter>
    <Filter Include="src\image">
      <UniqueIdentifier>{2a0fa4e8-d05e-453d-9e85-481ac30b9fff}</UniqueIdentifier>
    </Filter>
    <Filter Include="src\image\bitmap">
      <UniqueIdentifier>{14fb6e70-262f-4694-a721-9cf29d77b292}</UniqueIdentifier>
    </Filter>
    <Filter Include="src\image\rgbpixel">
      <UniqueIdentifier>{983103ba-87e4-4bc3-bfc6-e9ca1d84fc61}</UniqueIdentifier>
    </Filter>
  </ItemGroup>
  <ItemGroup>
    <ClCompile Include="src\main.cpp">
      <Filter>src</Filter>
    </ClCompile>
    <ClCompile Include="src\graph\graph.cpp">
      <Filter>src\graph</Filter>
    </ClCompile>
    <ClCompile Include="src\graph\maxflow.cpp">
      <Filter>src\graph</Filter>
    </ClCompile>
    <ClCompile Include="src\graph\Mask.cpp">
      <Filter>src\graph</Filter>
    </ClCompile>
    <ClCompile Include="src\graph\GraphCutOptimizer.cpp">
      <Filter>src\graph</Filter>
    </ClCompile>
    <ClCompile Include="src\image\Image.cpp">
      <Filter>src\image</Filter>
    </ClCompile>
    <ClCompile Include="src\image\bitmap\BMP.cpp">
      <Filter>src\image\bitmap</Filter>
    </ClCompile>
    <ClCompile Include="src\image\Histogram.cpp">
      <Filter>src\image</Filter>
    </ClCompile>
    <ClCompile Include="src\image\rgbpixel\RGBPixel.cpp">
      <Filter>src\image\rgbpixel</Filter>
    </ClCompile>
    <ClCompile Include="src\graph\CostFunctions.cpp">
      <Filter>src\graph</Filter>
    </ClCompile>
  </ItemGroup>
  <ItemGroup>
    <ClInclude Include="src\graph\block.h">
      <Filter>src\graph</Filter>
    </ClInclude>
    <ClInclude Include="src\graph\graph.h">
      <Filter>src\graph</Filter>
    </ClInclude>
    <ClInclude Include="src\matrix\Matrix.h">
      <Filter>src\matrix</Filter>
    </ClInclude>
    <ClInclude Include="src\graph\CostFunctions.h">
      <Filter>src\graph</Filter>
    </ClInclude>
    <ClInclude Include="src\graph\Mask.h">
      <Filter>src\graph</Filter>
    </ClInclude>
    <ClInclude Include="src\graph\GraphCutOptimizer.h">
      <Filter>src\graph</Filter>
    </ClInclude>
    <ClInclude Include="src\ErrorCodes.h">
      <Filter>src</Filter>
    </ClInclude>
    <ClInclude Include="src\main.h">
      <Filter>src</Filter>
    </ClInclude>
    <ClInclude Include="src\image\Image.h">
      <Filter>src\image</Filter>
    </ClInclude>
    <ClInclude Include="src\image\bitmap\BMPUtils.h">
      <Filter>src\image\bitmap</Filter>
    </ClInclude>
    <ClInclude Include="src\image\bitmap\BMP.h">
      <Filter>src\image\bitmap</Filter>
    </ClInclude>
    <ClInclude Include="src\image\Histogram.h">
      <Filter>src\image</Filter>
    </ClInclude>
    <ClInclude Include="src\image\rgbpixel\RGBPixel.h">
      <Filter>src\image\rgbpixel</Filter>
    </ClInclude>
  </ItemGroup>
</Project>